
Microsoft Visual Studio Solution File, Format Version 12.00
# Visual Studio Version 17
VisualStudioVersion = 17.10.35027.167
MinimumVisualStudioVersion = 10.0.40219.1
Project("{FAE04EC0-301F-11D3-BF4B-00C04F79EFBC}") = "YolArkadaşıPratik", "YolArkadaşıPratik\YolArkadaşıPratik.csproj", "{C4BF620C-29FA-434D-ACED-A832122F33F2}"
EndProject
Global
	GlobalSection(SolutionConfigurationPlatforms) = preSolution
		Debug|Any CPU = Debug|Any CPU
		Release|Any CPU = Release|Any CPU
	EndGlobalSection
	GlobalSection(ProjectConfigurationPlatforms) = postSolution
		{C4BF620C-29FA-434D-ACED-A832122F33F2}.Debug|Any CPU.ActiveCfg = Debug|Any CPU
		{C4BF620C-29FA-434D-ACED-A832122F33F2}.Debug|Any CPU.Build.0 = Debug|Any CPU
		{C4BF620C-29FA-434D-ACED-A832122F33F2}.Release|Any CPU.ActiveCfg = Release|Any CPU
		{C4BF620C-29FA-434D-ACED-A832122F33F2}.Release|Any CPU.Build.0 = Release|Any CPU
	EndGlobalSection
	GlobalSection(SolutionProperties) = preSolution
		HideSolutionNode = FALSE
	EndGlobalSection
	GlobalSection(ExtensibilityGlobals) = postSolution
		SolutionGuid = {D1884B34-02F9-446B-9532-905F65A12015}
	EndGlobalSection
EndGlobal
